{
  "object": {
    "pins": [
      {
        "package": "Alamofire",
        "repositoryURL": "https://github.com/Alamofire/Alamofire",
        "state": {
          "branch": null,
          "revision": "8dd85aee02e39dd280c75eef88ffdb86eed4b07b",
          "version": "5.6.2"
        }
      },
      {
        "package": "Inject",
        "repositoryURL": "https://github.com/krzysztofzablocki/Inject.git",
        "state": {
          "branch": null,
          "revision": "a45509eac083b42afd4b6fd00a93a2b53f99f3eb",
          "version": "1.2.1"
        }
      }
    ]
  },
  "version": 1
}
